
Microsoft Visual Studio Solution File, Format Version 12.00
# Visual Studio Version 16
VisualStudioVersion = 16.0.31205.134
MinimumVisualStudioVersion = 10.0.40219.1
Project("{8BC9CEB8-8B4A-11D0-8D11-00A0C91BC942}") = "ImplementacionHashTable", "ImplementacionHashTable\ImplementacionHashTable.vcxproj", "{ED5FF90D-5281-4935-A449-6E26896262C6}"
EndProject
Global
	GlobalSection(SolutionConfigurationPlatforms) = preSolution
		Debug|x64 = Debug|x64
		Debug|x86 = Debug|x86
		Release|x64 = Release|x64
		Release|x86 = Release|x86
	EndGlobalSection
	GlobalSection(ProjectConfigurationPlatforms) = postSolution
		{ED5FF90D-5281-4935-A449-6E26896262C6}.Debug|x64.ActiveCfg = Debug|x64
		{ED5FF90D-5281-4935-A449-6E26896262C6}.Debug|x64.Build.0 = Debug|x64
		{ED5FF90D-5281-4935-A449-6E26896262C6}.Debug|x86.ActiveCfg = Debug|Win32
		{ED5FF90D-5281-4935-A449-6E26896262C6}.Debug|x86.Build.0 = Debug|Win32
		{ED5FF90D-5281-4935-A449-6E26896262C6}.Release|x64.ActiveCfg = Release|x64
		{ED5FF90D-5281-4935-A449-6E26896262C6}.Release|x64.Build.0 = Release|x64
		{ED5FF90D-5281-4935-A449-6E26896262C6}.Release|x86.ActiveCfg = Release|Win32
		{ED5FF90D-5281-4935-A449-6E26896262C6}.Release|x86.Build.0 = Release|Win32
	EndGlobalSection
	GlobalSection(SolutionProperties) = preSolution
		HideSolutionNode = FALSE
	EndGlobalSection
	GlobalSection(ExtensibilityGlobals) = postSolution
		SolutionGuid = {3B1C7BB5-2711-4524-8E94-ED4F65CDF82C}
	EndGlobalSection
EndGlobal
